// !$*UTF8*$!
{
	archiveVersion = 1;
	classes = {
	};
	objectVersion = 50;
	objects = {

/* Begin PBXBuildFile section */
		9A0AF57426E23B7B0085D885 /* AppDelegate.swift in Sources */ = {isa = PBXBuildFile; fileRef = 9A0AF57326E23B7B0085D885 /* AppDelegate.swift */; };
		9A0AF57626E23B7B0085D885 /* SceneDelegate.swift in Sources */ = {isa = PBXBuildFile; fileRef = 9A0AF57526E23B7B0085D885 /* SceneDelegate.swift */; };
		9A0AF57B26E23B7B0085D885 /* Main.storyboard in Resources */ = {isa = PBXBuildFile; fileRef = 9A0AF57926E23B7B0085D885 /* Main.storyboard */; };
		9A0AF57D26E23B800085D885 /* Assets.xcassets in Resources */ = {isa = PBXBuildFile; fileRef = 9A0AF57C26E23B800085D885 /* Assets.xcassets */; };
		9A0AF58026E23B800085D885 /* LaunchScreen.storyboard in Resources */ = {isa = PBXBuildFile; fileRef = 9A0AF57E26E23B800085D885 /* LaunchScreen.storyboard */; };
		9A0AF58A26E23BC00085D885 /* LoginFormController.swift in Sources */ = {isa = PBXBuildFile; fileRef = 9A0AF58926E23BC00085D885 /* LoginFormController.swift */; };
		9A97778126FF2C7A00423EC6 /* ProfilePictureView.swift in Sources */ = {isa = PBXBuildFile; fileRef = 9A97778026FF2C7A00423EC6 /* ProfilePictureView.swift */; };
		9AA77D4926E5156700476A13 /* Barlow-Regular.ttf in Resources */ = {isa = PBXBuildFile; fileRef = 9AA77D4826E5155700476A13 /* Barlow-Regular.ttf */; };
		9AEA13A527088B430062C595 /* LikesControl.swift in Sources */ = {isa = PBXBuildFile; fileRef = 9AEA13A427088B430062C595 /* LikesControl.swift */; };
		9AFB016026F7D31200111D7B /* FriendsListController.swift in Sources */ = {isa = PBXBuildFile; fileRef = 9AFB015F26F7D31200111D7B /* FriendsListController.swift */; };
		9AFB016426F7D37100111D7B /* FriendCell.swift in Sources */ = {isa = PBXBuildFile; fileRef = 9AFB016326F7D37100111D7B /* FriendCell.swift */; };
		9AFB016926F7D57100111D7B /* FriendProfileController.swift in Sources */ = {isa = PBXBuildFile; fileRef = 9AFB016826F7D57100111D7B /* FriendProfileController.swift */; };
		9AFB016C26F7D59000111D7B /* ProfilePictureCell.swift in Sources */ = {isa = PBXBuildFile; fileRef = 9AFB016B26F7D59000111D7B /* ProfilePictureCell.swift */; };
		9AFB017026F7D68D00111D7B /* CommunityCell.swift in Sources */ = {isa = PBXBuildFile; fileRef = 9AFB016F26F7D68D00111D7B /* CommunityCell.swift */; };
		9AFB017526F7D71E00111D7B /* MyCommunitiesController.swift in Sources */ = {isa = PBXBuildFile; fileRef = 9AFB017426F7D71E00111D7B /* MyCommunitiesController.swift */; };
		9AFB017B26F7D76800111D7B /* AllCommunitiesController.swift in Sources */ = {isa = PBXBuildFile; fileRef = 9AFB017A26F7D76800111D7B /* AllCommunitiesController.swift */; };
		9AFB017F26F7D7E500111D7B /* User.swift in Sources */ = {isa = PBXBuildFile; fileRef = 9AFB017E26F7D7E500111D7B /* User.swift */; };
		9AFB018226F7D82900111D7B /* Group.swift in Sources */ = {isa = PBXBuildFile; fileRef = 9AFB018126F7D82900111D7B /* Group.swift */; };
/* End PBXBuildFile section */

/* Begin PBXFileReference section */
		9A0AF57026E23B7B0085D885 /* vkClient.app */ = {isa = PBXFileReference; explicitFileType = wrapper.application; includeInIndex = 0; path = vkClient.app; sourceTree = BUILT_PRODUCTS_DIR; };
		9A0AF57326E23B7B0085D885 /* AppDelegate.swift */ = {isa = PBXFileReference; lastKnownFileType = sourcecode.swift; path = AppDelegate.swift; sourceTree = "<group>"; };
		9A0AF57526E23B7B0085D885 /* SceneDelegate.swift */ = {isa = PBXFileReference; lastKnownFileType = sourcecode.swift; path = SceneDelegate.swift; sourceTree = "<group>"; };
		9A0AF57A26E23B7B0085D885 /* Base */ = {isa = PBXFileReference; lastKnownFileType = file.storyboard; name = Base; path = Base.lproj/Main.storyboard; sourceTree = "<group>"; };
		9A0AF57C26E23B800085D885 /* Assets.xcassets */ = {isa = PBXFileReference; lastKnownFileType = folder.assetcatalog; path = Assets.xcassets; sourceTree = "<group>"; };
		9A0AF57F26E23B800085D885 /* Base */ = {isa = PBXFileReference; lastKnownFileType = file.storyboard; name = Base; path = Base.lproj/LaunchScreen.storyboard; sourceTree = "<group>"; };
		9A0AF58126E23B800085D885 /* Info.plist */ = {isa = PBXFileReference; lastKnownFileType = text.plist.xml; path = Info.plist; sourceTree = "<group>"; };
		9A0AF58926E23BC00085D885 /* LoginFormController.swift */ = {isa = PBXFileReference; lastKnownFileType = sourcecode.swift; path = LoginFormController.swift; sourceTree = "<group>"; };
		9A97778026FF2C7A00423EC6 /* ProfilePictureView.swift */ = {isa = PBXFileReference; lastKnownFileType = sourcecode.swift; path = ProfilePictureView.swift; sourceTree = "<group>"; };
		9AA77D4826E5155700476A13 /* Barlow-Regular.ttf */ = {isa = PBXFileReference; lastKnownFileType = file; name = "Barlow-Regular.ttf"; path = "fonts/Barlow-Regular.ttf"; sourceTree = "<group>"; };
		9AEA13A427088B430062C595 /* LikesControl.swift */ = {isa = PBXFileReference; lastKnownFileType = sourcecode.swift; path = LikesControl.swift; sourceTree = "<group>"; };
		9AFB015F26F7D31200111D7B /* FriendsListController.swift */ = {isa = PBXFileReference; lastKnownFileType = sourcecode.swift; path = FriendsListController.swift; sourceTree = "<group>"; };
		9AFB016326F7D37100111D7B /* FriendCell.swift */ = {isa = PBXFileReference; lastKnownFileType = sourcecode.swift; path = FriendCell.swift; sourceTree = "<group>"; };
		9AFB016826F7D57100111D7B /* FriendProfileController.swift */ = {isa = PBXFileReference; lastKnownFileType = sourcecode.swift; path = FriendProfileController.swift; sourceTree = "<group>"; };
		9AFB016B26F7D59000111D7B /* ProfilePictureCell.swift */ = {isa = PBXFileReference; lastKnownFileType = sourcecode.swift; path = ProfilePictureCell.swift; sourceTree = "<group>"; };
		9AFB016F26F7D68D00111D7B /* CommunityCell.swift */ = {isa = PBXFileReference; lastKnownFileType = sourcecode.swift; path = CommunityCell.swift; sourceTree = "<group>"; };
		9AFB017426F7D71E00111D7B /* MyCommunitiesController.swift */ = {isa = PBXFileReference; lastKnownFileType = sourcecode.swift; path = MyCommunitiesController.swift; sourceTree = "<group>"; };
		9AFB017A26F7D76800111D7B /* AllCommunitiesController.swift */ = {isa = PBXFileReference; lastKnownFileType = sourcecode.swift; path = AllCommunitiesController.swift; sourceTree = "<group>"; };
		9AFB017E26F7D7E500111D7B /* User.swift */ = {isa = PBXFileReference; lastKnownFileType = sourcecode.swift; path = User.swift; sourceTree = "<group>"; };
		9AFB018126F7D82900111D7B /* Group.swift */ = {isa = PBXFileReference; lastKnownFileType = sourcecode.swift; path = Group.swift; sourceTree = "<group>"; };
/* End PBXFileReference section */

/* Begin PBXFrameworksBuildPhase section */
		9A0AF56D26E23B7B0085D885 /* Frameworks */ = {
			isa = PBXFrameworksBuildPhase;
			buildActionMask = 2147483647;
			files = (
			);
			runOnlyForDeploymentPostprocessing = 0;
		};
/* End PBXFrameworksBuildPhase section */

/* Begin PBXGroup section */
		9A0AF56726E23B7B0085D885 = {
			isa = PBXGroup;
			children = (
				9A0AF57226E23B7B0085D885 /* vkClient */,
				9A0AF57126E23B7B0085D885 /* Products */,
			);
			sourceTree = "<group>";
		};
		9A0AF57126E23B7B0085D885 /* Products */ = {
			isa = PBXGroup;
			children = (
				9A0AF57026E23B7B0085D885 /* vkClient.app */,
			);
			name = Products;
			sourceTree = "<group>";
		};
		9A0AF57226E23B7B0085D885 /* vkClient */ = {
			isa = PBXGroup;
			children = (
				9AFB017D26F7D79700111D7B /* Model */,
				9AFB017826F7D72E00111D7B /* AllCommunities */,
				9AFB017326F7D6B800111D7B /* MyCommunities */,
				9AFB015E26F7D2DF00111D7B /* FriendsList */,
				9AFB016726F7D53B00111D7B /* FriendProfile */,
				9AFB016626F7D45A00111D7B /* Views */,
				9A0AF57326E23B7B0085D885 /* AppDelegate.swift */,
				9A0AF57526E23B7B0085D885 /* SceneDelegate.swift */,
				9A0AF57926E23B7B0085D885 /* Main.storyboard */,
				9A0AF57C26E23B800085D885 /* Assets.xcassets */,
				9A0AF57E26E23B800085D885 /* LaunchScreen.storyboard */,
				9A0AF58126E23B800085D885 /* Info.plist */,
				9A0AF58926E23BC00085D885 /* LoginFormController.swift */,
				9AA77D4826E5155700476A13 /* Barlow-Regular.ttf */,
			);
			path = vkClient;
			sourceTree = "<group>";
		};
		9A97777F26FF2C5D00423EC6 /* CustomViews */ = {
			isa = PBXGroup;
			children = (
				9A97778026FF2C7A00423EC6 /* ProfilePictureView.swift */,
				9AEA13A427088B430062C595 /* LikesControl.swift */,
			);
			path = CustomViews;
			sourceTree = "<group>";
		};
		9AFB015E26F7D2DF00111D7B /* FriendsList */ = {
			isa = PBXGroup;
			children = (
				9AFB015F26F7D31200111D7B /* FriendsListController.swift */,
				9AFB016326F7D37100111D7B /* FriendCell.swift */,
			);
			path = FriendsList;
			sourceTree = "<group>";
		};
		9AFB016626F7D45A00111D7B /* Views */ = {
			isa = PBXGroup;
			children = (
				9A97777F26FF2C5D00423EC6 /* CustomViews */,
				9AFB016E26F7D65C00111D7B /* Cells */,
			);
			path = Views;
			sourceTree = "<group>";
		};
		9AFB016726F7D53B00111D7B /* FriendProfile */ = {
			isa = PBXGroup;
			children = (
				9AFB016826F7D57100111D7B /* FriendProfileController.swift */,
				9AFB016B26F7D59000111D7B /* ProfilePictureCell.swift */,
			);
			path = FriendProfile;
			sourceTree = "<group>";
		};
		9AFB016E26F7D65C00111D7B /* Cells */ = {
			isa = PBXGroup;
			children = (
				9AFB016F26F7D68D00111D7B /* CommunityCell.swift */,
			);
			path = Cells;
			sourceTree = "<group>";
		};
		9AFB017326F7D6B800111D7B /* MyCommunities */ = {
			isa = PBXGroup;
			children = (
				9AFB017426F7D71E00111D7B /* MyCommunitiesController.swift */,
			);
			path = MyCommunities;
			sourceTree = "<group>";
		};
		9AFB017826F7D72E00111D7B /* AllCommunities */ = {
			isa = PBXGroup;
			children = (
				9AFB017A26F7D76800111D7B /* AllCommunitiesController.swift */,
			);
			path = AllCommunities;
			sourceTree = "<group>";
		};
		9AFB017D26F7D79700111D7B /* Model */ = {
			isa = PBXGroup;
			children = (
				9AFB017E26F7D7E500111D7B /* User.swift */,
				9AFB018126F7D82900111D7B /* Group.swift */,
			);
			path = Model;
			sourceTree = "<group>";
		};
/* End PBXGroup section */

/* Begin PBXNativeTarget section */
		9A0AF56F26E23B7B0085D885 /* vkClient */ = {
			isa = PBXNativeTarget;
			buildConfigurationList = 9A0AF58426E23B800085D885 /* Build configuration list for PBXNativeTarget "vkClient" */;
			buildPhases = (
				9A0AF56C26E23B7B0085D885 /* Sources */,
				9A0AF56D26E23B7B0085D885 /* Frameworks */,
				9A0AF56E26E23B7B0085D885 /* Resources */,
			);
			buildRules = (
			);
			dependencies = (
			);
			name = vkClient;
			productName = vkClient;
			productReference = 9A0AF57026E23B7B0085D885 /* vkClient.app */;
			productType = "com.apple.product-type.application";
		};
/* End PBXNativeTarget section */

/* Begin PBXProject section */
		9A0AF56826E23B7B0085D885 /* Project object */ = {
			isa = PBXProject;
			attributes = {
				LastSwiftUpdateCheck = 1240;
				LastUpgradeCheck = 1240;
				TargetAttributes = {
					9A0AF56F26E23B7B0085D885 = {
						CreatedOnToolsVersion = 12.4;
					};
				};
			};
			buildConfigurationList = 9A0AF56B26E23B7B0085D885 /* Build configuration list for PBXProject "vkClient" */;
			compatibilityVersion = "Xcode 9.3";
			developmentRegion = en;
			hasScannedForEncodings = 0;
			knownRegions = (
				en,
				Base,
			);
			mainGroup = 9A0AF56726E23B7B0085D885;
			productRefGroup = 9A0AF57126E23B7B0085D885 /* Products */;
			projectDirPath = "";
			projectRoot = "";
			targets = (
				9A0AF56F26E23B7B0085D885 /* vkClient */,
			);
		};
/* End PBXProject section */

/* Begin PBXResourcesBuildPhase section */
		9A0AF56E26E23B7B0085D885 /* Resources */ = {
			isa = PBXResourcesBuildPhase;
			buildActionMask = 2147483647;
			files = (
				9AA77D4926E5156700476A13 /* Barlow-Regular.ttf in Resources */,
				9A0AF58026E23B800085D885 /* LaunchScreen.storyboard in Resources */,
				9A0AF57D26E23B800085D885 /* Assets.xcassets in Resources */,
				9A0AF57B26E23B7B0085D885 /* Main.storyboard in Resources */,
			);
			runOnlyForDeploymentPostprocessing = 0;
		};
/* End PBXResourcesBuildPhase section */

/* Begin PBXSourcesBuildPhase section */
		9A0AF56C26E23B7B0085D885 /* Sources */ = {
			isa = PBXSourcesBuildPhase;
			buildActionMask = 2147483647;
			files = (
				9AFB016C26F7D59000111D7B /* ProfilePictureCell.swift in Sources */,
				9AFB017526F7D71E00111D7B /* MyCommunitiesController.swift in Sources */,
				9A97778126FF2C7A00423EC6 /* ProfilePictureView.swift in Sources */,
				9A0AF58A26E23BC00085D885 /* LoginFormController.swift in Sources */,
				9AEA13A527088B430062C595 /* LikesControl.swift in Sources */,
				9AFB018226F7D82900111D7B /* Group.swift in Sources */,
				9AFB016026F7D31200111D7B /* FriendsListController.swift in Sources */,
				9AFB017026F7D68D00111D7B /* CommunityCell.swift in Sources */,
				9A0AF57426E23B7B0085D885 /* AppDelegate.swift in Sources */,
				9A0AF57626E23B7B0085D885 /* SceneDelegate.swift in Sources */,
				9AFB017B26F7D76800111D7B /* AllCommunitiesController.swift in Sources */,
				9AFB016426F7D37100111D7B /* FriendCell.swift in Sources */,
				9AFB016926F7D57100111D7B /* FriendProfileController.swift in Sources */,
				9AFB017F26F7D7E500111D7B /* User.swift in Sources */,
			);
			runOnlyForDeploymentPostprocessing = 0;
		};
/* End PBXSourcesBuildPhase section */

/* Begin PBXVariantGroup section */
		9A0AF57926E23B7B0085D885 /* Main.storyboard */ = {
			isa = PBXVariantGroup;
			children = (
				9A0AF57A26E23B7B0085D885 /* Base */,
			);
			name = Main.storyboard;
			sourceTree = "<group>";
		};
		9A0AF57E26E23B800085D885 /* LaunchScreen.storyboard */ = {
			isa = PBXVariantGroup;
			children = (
				9A0AF57F26E23B800085D885 /* Base */,
			);
			name = LaunchScreen.storyboard;
			sourceTree = "<group>";
		};
/* End PBXVariantGroup section */

/* Begin XCBuildConfiguration section */
		9A0AF58226E23B800085D885 /* Debug */ = {
			isa = XCBuildConfiguration;
			buildSettings = {
				ALWAYS_SEARCH_USER_PATHS = NO;
				CLANG_ANALYZER_NONNULL = YES;
				CLANG_ANALYZER_NUMBER_OBJECT_CONVERSION = YES_AGGRESSIVE;
				CLANG_CXX_LANGUAGE_STANDARD = "gnu++14";
				CLANG_CXX_LIBRARY = "libc++";
				CLANG_ENABLE_MODULES = YES;
				CLANG_ENABLE_OBJC_ARC = YES;
				CLANG_ENABLE_OBJC_WEAK = YES;
				CLANG_WARN_BLOCK_CAPTURE_AUTORELEASING = YES;
				CLANG_WARN_BOOL_CONVERSION = YES;
				CLANG_WARN_COMMA = YES;
				CLANG_WARN_CONSTANT_CONVERSION = YES;
				CLANG_WARN_DEPRECATED_OBJC_IMPLEMENTATIONS = YES;
				CLANG_WARN_DIRECT_OBJC_ISA_USAGE = YES_ERROR;
				CLANG_WARN_DOCUMENTATION_COMMENTS = YES;
				CLANG_WARN_EMPTY_BODY = YES;
				CLANG_WARN_ENUM_CONVERSION = YES;
				CLANG_WARN_INFINITE_RECURSION = YES;
				CLANG_WARN_INT_CONVERSION = YES;
				CLANG_WARN_NON_LITERAL_NULL_CONVERSION = YES;
				CLANG_WARN_OBJC_IMPLICIT_RETAIN_SELF = YES;
				CLANG_WARN_OBJC_LITERAL_CONVERSION = YES;
				CLANG_WARN_OBJC_ROOT_CLASS = YES_ERROR;
				CLANG_WARN_QUOTED_INCLUDE_IN_FRAMEWORK_HEADER = YES;
				CLANG_WARN_RANGE_LOOP_ANALYSIS = YES;
				CLANG_WARN_STRICT_PROTOTYPES = YES;
				CLANG_WARN_SUSPICIOUS_MOVE = YES;
				CLANG_WARN_UNGUARDED_AVAILABILITY = YES_AGGRESSIVE;
				CLANG_WARN_UNREACHABLE_CODE = YES;
				CLANG_WARN__DUPLICATE_METHOD_MATCH = YES;
				COPY_PHASE_STRIP = NO;
				DEBUG_INFORMATION_FORMAT = dwarf;
				ENABLE_STRICT_OBJC_MSGSEND = YES;
				ENABLE_TESTABILITY = YES;
				GCC_C_LANGUAGE_STANDARD = gnu11;
				GCC_DYNAMIC_NO_PIC = NO;
				GCC_NO_COMMON_BLOCKS = YES;
				GCC_OPTIMIZATION_LEVEL = 0;
				GCC_PREPROCESSOR_DEFINITIONS = (
					"DEBUG=1",
					"$(inherited)",
				);
				GCC_WARN_64_TO_32_BIT_CONVERSION = YES;
				GCC_WARN_ABOUT_RETURN_TYPE = YES_ERROR;
				GCC_WARN_UNDECLARED_SELECTOR = YES;
				GCC_WARN_UNINITIALIZED_AUTOS = YES_AGGRESSIVE;
				GCC_WARN_UNUSED_FUNCTION = YES;
				GCC_WARN_UNUSED_VARIABLE = YES;
				IPHONEOS_DEPLOYMENT_TARGET = 14.4;
				MTL_ENABLE_DEBUG_INFO = INCLUDE_SOURCE;
				MTL_FAST_MATH = YES;
				ONLY_ACTIVE_ARCH = YES;
				SDKROOT = iphoneos;
				SWIFT_ACTIVE_COMPILATION_CONDITIONS = DEBUG;
				SWIFT_OPTIMIZATION_LEVEL = "-Onone";
			};
			name = Debug;
		};
		9A0AF58326E23B800085D885 /* Release */ = {
			isa = XCBuildConfiguration;
			buildSettings = {
				ALWAYS_SEARCH_USER_PATHS = NO;
				CLANG_ANALYZER_NONNULL = YES;
				CLANG_ANALYZER_NUMBER_OBJECT_CONVERSION = YES_AGGRESSIVE;
				CLANG_CXX_LANGUAGE_STANDARD = "gnu++14";
				CLANG_CXX_LIBRARY = "libc++";
				CLANG_ENABLE_MODULES = YES;
				CLANG_ENABLE_OBJC_ARC = YES;
				CLANG_ENABLE_OBJC_WEAK = YES;
				CLANG_WARN_BLOCK_CAPTURE_AUTORELEASING = YES;
				CLANG_WARN_BOOL_CONVERSION = YES;
				CLANG_WARN_COMMA = YES;
				CLANG_WARN_CONSTANT_CONVERSION = YES;
				CLANG_WARN_DEPRECATED_OBJC_IMPLEMENTATIONS = YES;
				CLANG_WARN_DIRECT_OBJC_ISA_USAGE = YES_ERROR;
				CLANG_WARN_DOCUMENTATION_COMMENTS = YES;
				CLANG_WARN_EMPTY_BODY = YES;
				CLANG_WARN_ENUM_CONVERSION = YES;
				CLANG_WARN_INFINITE_RECURSION = YES;
				CLANG_WARN_INT_CONVERSION = YES;
				CLANG_WARN_NON_LITERAL_NULL_CONVERSION = YES;
				CLANG_WARN_OBJC_IMPLICIT_RETAIN_SELF = YES;
				CLANG_WARN_OBJC_LITERAL_CONVERSION = YES;
				CLANG_WARN_OBJC_ROOT_CLASS = YES_ERROR;
				CLANG_WARN_QUOTED_INCLUDE_IN_FRAMEWORK_HEADER = YES;
				CLANG_WARN_RANGE_LOOP_ANALYSIS = YES;
				CLANG_WARN_STRICT_PROTOTYPES = YES;
				CLANG_WARN_SUSPICIOUS_MOVE = YES;
				CLANG_WARN_UNGUARDED_AVAILABILITY = YES_AGGRESSIVE;
				CLANG_WARN_UNREACHABLE_CODE = YES;
				CLANG_WARN__DUPLICATE_METHOD_MATCH = YES;
				COPY_PHASE_STRIP = NO;
				DEBUG_INFORMATION_FORMAT = "dwarf-with-dsym";
				ENABLE_NS_ASSERTIONS = NO;
				ENABLE_STRICT_OBJC_MSGSEND = YES;
				GCC_C_LANGUAGE_STANDARD = gnu11;
				GCC_NO_COMMON_BLOCKS = YES;
				GCC_WARN_64_TO_32_BIT_CONVERSION = YES;
				GCC_WARN_ABOUT_RETURN_TYPE = YES_ERROR;
				GCC_WARN_UNDECLARED_SELECTOR = YES;
				GCC_WARN_UNINITIALIZED_AUTOS = YES_AGGRESSIVE;
				GCC_WARN_UNUSED_FUNCTION = YES;
				GCC_WARN_UNUSED_VARIABLE = YES;
				IPHONEOS_DEPLOYMENT_TARGET = 14.4;
				MTL_ENABLE_DEBUG_INFO = NO;
				MTL_FAST_MATH = YES;
				SDKROOT = iphoneos;
				SWIFT_COMPILATION_MODE = wholemodule;
				SWIFT_OPTIMIZATION_LEVEL = "-O";
				VALIDATE_PRODUCT = YES;
			};
			name = Release;
		};
		9A0AF58526E23B800085D885 /* Debug */ = {
			isa = XCBuildConfiguration;
			buildSettings = {
				ASSETCATALOG_COMPILER_APPICON_NAME = AppIcon;
				ASSETCATALOG_COMPILER_GLOBAL_ACCENT_COLOR_NAME = AccentColor;
				CODE_SIGN_STYLE = Automatic;
				DEVELOPMENT_TEAM = 3APP3C87XX;
				INFOPLIST_FILE = vkClient/Info.plist;
				LD_RUNPATH_SEARCH_PATHS = (
					"$(inherited)",
					"@executable_path/Frameworks",
				);
				PRODUCT_BUNDLE_IDENTIFIER = safonova.vkClient;
				PRODUCT_NAME = "$(TARGET_NAME)";
				SWIFT_VERSION = 5.0;
				TARGETED_DEVICE_FAMILY = "1,2";
			};
			name = Debug;
		};
		9A0AF58626E23B800085D885 /* Release */ = {
			isa = XCBuildConfiguration;
			buildSettings = {
				ASSETCATALOG_COMPILER_APPICON_NAME = AppIcon;
				ASSETCATALOG_COMPILER_GLOBAL_ACCENT_COLOR_NAME = AccentColor;
				CODE_SIGN_STYLE = Automatic;
				DEVELOPMENT_TEAM = 3APP3C87XX;
				INFOPLIST_FILE = vkClient/Info.plist;
				LD_RUNPATH_SEARCH_PATHS = (
					"$(inherited)",
					"@executable_path/Frameworks",
				);
				PRODUCT_BUNDLE_IDENTIFIER = safonova.vkClient;
				PRODUCT_NAME = "$(TARGET_NAME)";
				SWIFT_VERSION = 5.0;
				TARGETED_DEVICE_FAMILY = "1,2";
			};
			name = Release;
		};
/* End XCBuildConfiguration section */

/* Begin XCConfigurationList section */
		9A0AF56B26E23B7B0085D885 /* Build configuration list for PBXProject "vkClient" */ = {
			isa = XCConfigurationList;
			buildConfigurations = (
				9A0AF58226E23B800085D885 /* Debug */,
				9A0AF58326E23B800085D885 /* Release */,
			);
			defaultConfigurationIsVisible = 0;
			defaultConfigurationName = Release;
		};
		9A0AF58426E23B800085D885 /* Build configuration list for PBXNativeTarget "vkClient" */ = {
			isa = XCConfigurationList;
			buildConfigurations = (
				9A0AF58526E23B800085D885 /* Debug */,
				9A0AF58626E23B800085D885 /* Release */,
			);
			defaultConfigurationIsVisible = 0;
			defaultConfigurationName = Release;
		};
/* End XCConfigurationList section */
	};
	rootObject = 9A0AF56826E23B7B0085D885 /* Project object */;
}
